<?xml version="1.0" encoding="utf-8"?>
<Project ToolsVersion="4.0" xmlns="http://schemas.microsoft.com/developer/msbuild/2003">
  <ItemGroup>
    <Filter Include="Source Files">
      <UniqueIdentifier>{4FC737F1-C7A5-4376-A066-2A32D752A2FF}</UniqueIdentifier>
      <Extensions>cpp;c;cc;cxx;def;odl;idl;hpj;bat;asm;asmx</Extensions>
    </Filter>
    <Filter Include="Header Files">
      <UniqueIdentifier>{93995380-89BD-4b04-88EB-625FBE52EBFB}</UniqueIdentifier>
      <Extensions>h;hpp;hxx;hm;inl;inc;xsd</Extensions>
    </Filter>
    <Filter Include="Resource Files">
      <UniqueIdentifier>{67DA6AB6-F800-4c08-8B7A-83BB121AAD01}</UniqueIdentifier>
      <Extensions>rc;ico;cur;bmp;dlg;rc2;rct;bin;rgs;gif;jpg;jpeg;jpe;resx;tiff;tif;png;wav;mfcribbon-ms</Extensions>
    </Filter>
  </ItemGroup>
  <ItemGroup>
    <ClInclude Include="Src\BPABranch.h">
      <Filter>Header Files</Filter>
    </ClInclude>
    <ClInclude Include="Src\BPABus.h">
      <Filter>Header Files</Filter>
    </ClInclude>
    <ClInclude Include="Src\BPADynamicModelInfo.h">
      <Filter>Header Files</Filter>
    </ClInclude>
    <ClInclude Include="Src\BPAReadWrite.h">
      <Filter>Header Files</Filter>
    </ClInclude>
    <ClInclude Include="Src\BPAGenerator.h">
      <Filter>Header Files</Filter>
    </ClInclude>
    <ClInclude Include="Src\BPAMCModel.h">
      <Filter>Header Files</Filter>
    </ClInclude>
    <ClInclude Include="Src\BPAFault.h">
      <Filter>Header Files</Filter>
    </ClInclude>
    <ClInclude Include="Src\BPABusDyn.h">
      <Filter>Header Files</Filter>
    </ClInclude>
  </ItemGroup>
  <ItemGroup>
    <ClCompile Include="Src\BPABranch.cpp">
      <Filter>Source Files</Filter>
    </ClCompile>
    <ClCompile Include="Src\BPABus.cpp">
      <Filter>Source Files</Filter>
    </ClCompile>
    <ClCompile Include="Src\BPADynamicModelInfo.cpp">
      <Filter>Source Files</Filter>
    </ClCompile>
    <ClCompile Include="Src\BPAReadWrite.cpp">
      <Filter>Source Files</Filter>
    </ClCompile>
    <ClCompile Include="Src\main_swnt.cpp">
      <Filter>Source Files</Filter>
    </ClCompile>
    <ClCompile Include="Src\BPAGenerator.cpp">
      <Filter>Source Files</Filter>
    </ClCompile>
    <ClCompile Include="Src\BPAMCModel.cpp">
      <Filter>Source Files</Filter>
    </ClCompile>
    <ClCompile Include="Src\BPAFault.cpp">
      <Filter>Source Files</Filter>
    </ClCompile>
    <ClCompile Include="Src\BPABusDyn.cpp">
      <Filter>Source Files</Filter>
    </ClCompile>
  </ItemGroup>
</Project>