<?xml version="1.0" encoding="utf-8"?>
<Project ToolsVersion="4.0" xmlns="http://schemas.microsoft.com/developer/msbuild/2003">
  <ItemGroup>
    <Filter Include="Source Files">
      <UniqueIdentifier>{4FC737F1-C7A5-4376-A066-2A32D752A2FF}</UniqueIdentifier>
      <Extensions>cpp;c;cc;cxx;def;odl;idl;hpj;bat;asm;asmx</Extensions>
    </Filter>
    <Filter Include="Header Files">
      <UniqueIdentifier>{93995380-89BD-4b04-88EB-625FBE52EBFB}</UniqueIdentifier>
      <Extensions>h;hpp;hxx;hm;inl;inc;xsd</Extensions>
    </Filter>
    <Filter Include="Resource Files">
      <UniqueIdentifier>{67DA6AB6-F800-4c08-8B7A-83BB121AAD01}</UniqueIdentifier>
      <Extensions>rc;ico;cur;bmp;dlg;rc2;rct;bin;rgs;gif;jpg;jpeg;jpe;resx;tiff;tif;png;wav;mfcribbon-ms</Extensions>
    </Filter>
  </ItemGroup>
  <ItemGroup>
    <ClCompile Include="CommonFunction\CommonFunction.cpp">
      <Filter>Source Files</Filter>
    </ClCompile>
    <ClCompile Include="CommonFunction\ErrorInfo.cpp">
      <Filter>Source Files</Filter>
    </ClCompile>
    <ClCompile Include="CommonFunction\HashTable.cpp">
      <Filter>Source Files</Filter>
    </ClCompile>
    <ClCompile Include="SpareMatrixLib\ComplexSpareMatrix.cpp">
      <Filter>Source Files</Filter>
    </ClCompile>
    <ClCompile Include="SpareMatrixLib\ComplexSpareMatrixSolver.cpp">
      <Filter>Source Files</Filter>
    </ClCompile>
    <ClCompile Include="NetWorkInfo\BusBase.cpp">
      <Filter>Source Files</Filter>
    </ClCompile>
    <ClCompile Include="NetWorkInfo\BranchBase.cpp">
      <Filter>Source Files</Filter>
    </ClCompile>
    <ClCompile Include="NetWorkInfo\AreaInfo.cpp">
      <Filter>Source Files</Filter>
    </ClCompile>
    <ClCompile Include="NetWorkInfo\BusInfo.cpp">
      <Filter>Source Files</Filter>
    </ClCompile>
    <ClCompile Include="NetWorkInfo\BranchInfo.cpp">
      <Filter>Source Files</Filter>
    </ClCompile>
    <ClCompile Include="NetWorkInfo\Compensation.cpp">
      <Filter>Source Files</Filter>
    </ClCompile>
    <ClCompile Include="NetWorkInfo\EquipmentBase.cpp">
      <Filter>Source Files</Filter>
    </ClCompile>
    <ClCompile Include="NetWorkInfo\EquipmentInfo.cpp">
      <Filter>Source Files</Filter>
    </ClCompile>
    <ClCompile Include="NetWorkInfo\NetLoad.cpp">
      <Filter>Source Files</Filter>
    </ClCompile>
    <ClCompile Include="NetWorkInfo\Generator.cpp">
      <Filter>Source Files</Filter>
    </ClCompile>
    <ClCompile Include="NetWorkInfo\NetWorkBase.cpp">
      <Filter>Source Files</Filter>
    </ClCompile>
    <ClCompile Include="NetWorkInfo\NetWorkInfo.cpp">
      <Filter>Source Files</Filter>
    </ClCompile>
    <ClCompile Include="CommonFunction\QikSort.cpp">
      <Filter>Source Files</Filter>
    </ClCompile>
    <ClCompile Include="SpareMatrixLib\SpareMatrix.cpp">
      <Filter>Source Files</Filter>
    </ClCompile>
    <ClCompile Include="PowerFlowLib\NRSolution.cpp">
      <Filter>Source Files</Filter>
    </ClCompile>
    <ClCompile Include="SpareMatrixLib\ComplexLDUSolver.cpp">
      <Filter>Source Files</Filter>
    </ClCompile>
    <ClCompile Include="NetWorkInfo\DCLineBase.cpp">
      <Filter>Source Files</Filter>
    </ClCompile>
    <ClCompile Include="DynamicModel\DynamicModelInfo.cpp">
      <Filter>Source Files</Filter>
    </ClCompile>
    <ClCompile Include="StabilityAnalysis\TimeDomainSimulation.cpp">
      <Filter>Source Files</Filter>
    </ClCompile>
    <ClCompile Include="DynamicModel\GenEq1Constant.cpp">
      <Filter>Source Files</Filter>
    </ClCompile>
    <ClCompile Include="StabilityAnalysis\DyFaultInfo.cpp">
      <Filter>Source Files</Filter>
    </ClCompile>
    <ClCompile Include="StabilityAnalysis\DyFaultLine.cpp">
      <Filter>Source Files</Filter>
    </ClCompile>
  </ItemGroup>
  <ItemGroup>
    <ClInclude Include="CommonFunction\constdef.h">
      <Filter>Header Files</Filter>
    </ClInclude>
    <ClInclude Include="CommonFunction\ErrorInfo.h">
      <Filter>Header Files</Filter>
    </ClInclude>
    <ClInclude Include="CommonFunction\HashTable.h">
      <Filter>Header Files</Filter>
    </ClInclude>
    <ClInclude Include="CommonFunction\QikSort.h">
      <Filter>Header Files</Filter>
    </ClInclude>
    <ClInclude Include="NetWorkInfo\AreaInfo.h">
      <Filter>Header Files</Filter>
    </ClInclude>
    <ClInclude Include="NetWorkInfo\BranchBase.h">
      <Filter>Header Files</Filter>
    </ClInclude>
    <ClInclude Include="NetWorkInfo\BranchInfo.h">
      <Filter>Header Files</Filter>
    </ClInclude>
    <ClInclude Include="NetWorkInfo\BusBase.h">
      <Filter>Header Files</Filter>
    </ClInclude>
    <ClInclude Include="NetWorkInfo\BusInfo.h">
      <Filter>Header Files</Filter>
    </ClInclude>
    <ClInclude Include="NetWorkInfo\Compensation.h">
      <Filter>Header Files</Filter>
    </ClInclude>
    <ClInclude Include="NetWorkInfo\EquipmentBase.h">
      <Filter>Header Files</Filter>
    </ClInclude>
    <ClInclude Include="NetWorkInfo\EquipmentInfo.h">
      <Filter>Header Files</Filter>
    </ClInclude>
    <ClInclude Include="NetWorkInfo\Generator.h">
      <Filter>Header Files</Filter>
    </ClInclude>
    <ClInclude Include="NetWorkInfo\NetLoad.h">
      <Filter>Header Files</Filter>
    </ClInclude>
    <ClInclude Include="NetWorkInfo\NetWorkBase.h">
      <Filter>Header Files</Filter>
    </ClInclude>
    <ClInclude Include="NetWorkInfo\NetWorkInfo.h">
      <Filter>Header Files</Filter>
    </ClInclude>
    <ClInclude Include="SpareMatrixLib\ComplexSpareMatrixSolver.h">
      <Filter>Header Files</Filter>
    </ClInclude>
    <ClInclude Include="sparematrixlib\sparematrix.h">
      <Filter>Header Files</Filter>
    </ClInclude>
    <ClInclude Include="powerflowlib\powerflowfunction.h">
      <Filter>Header Files</Filter>
    </ClInclude>
    <ClInclude Include="sparematrixlib\complexsparematrix.h">
      <Filter>Header Files</Filter>
    </ClInclude>
    <ClInclude Include="PowerFlowLib\NRSolution.h">
      <Filter>Header Files</Filter>
    </ClInclude>
    <ClInclude Include="SpareMatrixLib\ComplexLDUSolver.h">
      <Filter>Header Files</Filter>
    </ClInclude>
    <ClInclude Include="NetWorkInfo\DCLineBase.h">
      <Filter>Header Files</Filter>
    </ClInclude>
    <ClInclude Include="DynamicModel\DynamicModelBase.h">
      <Filter>Header Files</Filter>
    </ClInclude>
    <ClInclude Include="DynamicModel\DynamicModelInfo.h">
      <Filter>Header Files</Filter>
    </ClInclude>
    <ClInclude Include="StabilityAnalysis\TimeDomainSimulation.h">
      <Filter>Header Files</Filter>
    </ClInclude>
    <ClInclude Include="StabilityAnalysis\DyFaultInfo.h">
      <Filter>Header Files</Filter>
    </ClInclude>
    <ClInclude Include="DynamicModel\GenEq1Constant.h">
      <Filter>Header Files</Filter>
    </ClInclude>
    <ClInclude Include="StabilityAnalysis\DyFaultLine.h">
      <Filter>Header Files</Filter>
    </ClInclude>
  </ItemGroup>
</Project>